// !$*UTF8*$!
{
	archiveVersion = 1;
	classes = {
	};
	objectVersion = 56;
	objects = {

/* Begin PBXBuildFile section */
		6F03E68229B46B8D00DEF533 /* ViewModel.swift in Sources */ = {isa = PBXBuildFile; fileRef = 6F03E68129B46B8D00DEF533 /* ViewModel.swift */; };
		6F03E68429B4723C00DEF533 /* SceneKitView.swift in Sources */ = {isa = PBXBuildFile; fileRef = 6F03E68329B4723C00DEF533 /* SceneKitView.swift */; };
		6F26E85729FF671500423F51 /* SCNNode+Track.swift in Sources */ = {isa = PBXBuildFile; fileRef = 6F26E85629FF671500423F51 /* SCNNode+Track.swift */; };
		6F26E85929FF68DA00423F51 /* SCNGeometry+Fibonacci.swift in Sources */ = {isa = PBXBuildFile; fileRef = 6F26E85829FF68DA00423F51 /* SCNGeometry+Fibonacci.swift */; };
		6F26E85B29FF6A2D00423F51 /* SCNScene+StellarSetup.swift in Sources */ = {isa = PBXBuildFile; fileRef = 6F26E85A29FF6A2D00423F51 /* SCNScene+StellarSetup.swift */; };
		6F26E85D29FF6C2B00423F51 /* Double+Convert.swift in Sources */ = {isa = PBXBuildFile; fileRef = 6F26E85C29FF6C2B00423F51 /* Double+Convert.swift */; };
		6F5C745729FEAF7600DDCF43 /* SCNVector3+Codable.swift in Sources */ = {isa = PBXBuildFile; fileRef = 6F5C745629FEAF7600DDCF43 /* SCNVector3+Codable.swift */; };
		6F5C745929FEAFD500DDCF43 /* SCNVector3+DebugString.swift in Sources */ = {isa = PBXBuildFile; fileRef = 6F5C745829FEAFD500DDCF43 /* SCNVector3+DebugString.swift */; };
		6F5C745B29FEB05E00DDCF43 /* StarSystem.swift in Sources */ = {isa = PBXBuildFile; fileRef = 6F5C745A29FEB05E00DDCF43 /* StarSystem.swift */; };
		6F781DFE29897B6D005DB1CA /* BoxViewerApp.swift in Sources */ = {isa = PBXBuildFile; fileRef = 6F781DFD29897B6D005DB1CA /* BoxViewerApp.swift */; };
		6F781E0029897B6D005DB1CA /* ContentView.swift in Sources */ = {isa = PBXBuildFile; fileRef = 6F781DFF29897B6D005DB1CA /* ContentView.swift */; };
		6F781E0229897B6E005DB1CA /* Assets.xcassets in Resources */ = {isa = PBXBuildFile; fileRef = 6F781E0129897B6E005DB1CA /* Assets.xcassets */; };
		6F781E0529897B6E005DB1CA /* Preview Assets.xcassets in Resources */ = {isa = PBXBuildFile; fileRef = 6F781E0429897B6E005DB1CA /* Preview Assets.xcassets */; };
		6F781E0E29898217005DB1CA /* OrbitalElements.swift in Sources */ = {isa = PBXBuildFile; fileRef = 6F781E0D29898217005DB1CA /* OrbitalElements.swift */; };
		6FCDFC95298B1D0C00BD369F /* SpectralClass.swift in Sources */ = {isa = PBXBuildFile; fileRef = 6FCDFC94298B1D0C00BD369F /* SpectralClass.swift */; };
		6FCDFC97298B1D2900BD369F /* StellarType.swift in Sources */ = {isa = PBXBuildFile; fileRef = 6FCDFC96298B1D2900BD369F /* StellarType.swift */; };
		6FCDFC99298B1DD100BD369F /* Star.swift in Sources */ = {isa = PBXBuildFile; fileRef = 6FCDFC98298B1DD100BD369F /* Star.swift */; };
		6FCDFC9C298B1E3800BD369F /* SCNVector3+Utils.swift in Sources */ = {isa = PBXBuildFile; fileRef = 6FCDFC9B298B1E3800BD369F /* SCNVector3+Utils.swift */; };
		6FE0110129B39BA100E73073 /* ObjectView.swift in Sources */ = {isa = PBXBuildFile; fileRef = 6FE0110029B39BA100E73073 /* ObjectView.swift */; };
/* End PBXBuildFile section */

/* Begin PBXFileReference section */
		6F03E68129B46B8D00DEF533 /* ViewModel.swift */ = {isa = PBXFileReference; lastKnownFileType = sourcecode.swift; path = ViewModel.swift; sourceTree = "<group>"; };
		6F03E68329B4723C00DEF533 /* SceneKitView.swift */ = {isa = PBXFileReference; lastKnownFileType = sourcecode.swift; path = SceneKitView.swift; sourceTree = "<group>"; };
		6F26E85629FF671500423F51 /* SCNNode+Track.swift */ = {isa = PBXFileReference; lastKnownFileType = sourcecode.swift; path = "SCNNode+Track.swift"; sourceTree = "<group>"; };
		6F26E85829FF68DA00423F51 /* SCNGeometry+Fibonacci.swift */ = {isa = PBXFileReference; lastKnownFileType = sourcecode.swift; path = "SCNGeometry+Fibonacci.swift"; sourceTree = "<group>"; };
		6F26E85A29FF6A2D00423F51 /* SCNScene+StellarSetup.swift */ = {isa = PBXFileReference; lastKnownFileType = sourcecode.swift; path = "SCNScene+StellarSetup.swift"; sourceTree = "<group>"; };
		6F26E85C29FF6C2B00423F51 /* Double+Convert.swift */ = {isa = PBXFileReference; lastKnownFileType = sourcecode.swift; path = "Double+Convert.swift"; sourceTree = "<group>"; };
		6F5C745629FEAF7600DDCF43 /* SCNVector3+Codable.swift */ = {isa = PBXFileReference; lastKnownFileType = sourcecode.swift; path = "SCNVector3+Codable.swift"; sourceTree = "<group>"; };
		6F5C745829FEAFD500DDCF43 /* SCNVector3+DebugString.swift */ = {isa = PBXFileReference; lastKnownFileType = sourcecode.swift; path = "SCNVector3+DebugString.swift"; sourceTree = "<group>"; };
		6F5C745A29FEB05E00DDCF43 /* StarSystem.swift */ = {isa = PBXFileReference; lastKnownFileType = sourcecode.swift; path = StarSystem.swift; sourceTree = "<group>"; };
		6F781DFA29897B6D005DB1CA /* BoxViewer.app */ = {isa = PBXFileReference; explicitFileType = wrapper.application; includeInIndex = 0; path = BoxViewer.app; sourceTree = BUILT_PRODUCTS_DIR; };
		6F781DFD29897B6D005DB1CA /* BoxViewerApp.swift */ = {isa = PBXFileReference; lastKnownFileType = sourcecode.swift; path = BoxViewerApp.swift; sourceTree = "<group>"; };
		6F781DFF29897B6D005DB1CA /* ContentView.swift */ = {isa = PBXFileReference; lastKnownFileType = sourcecode.swift; path = ContentView.swift; sourceTree = "<group>"; };
		6F781E0129897B6E005DB1CA /* Assets.xcassets */ = {isa = PBXFileReference; lastKnownFileType = folder.assetcatalog; path = Assets.xcassets; sourceTree = "<group>"; };
		6F781E0429897B6E005DB1CA /* Preview Assets.xcassets */ = {isa = PBXFileReference; lastKnownFileType = folder.assetcatalog; path = "Preview Assets.xcassets"; sourceTree = "<group>"; };
		6F781E0D29898217005DB1CA /* OrbitalElements.swift */ = {isa = PBXFileReference; lastKnownFileType = sourcecode.swift; path = OrbitalElements.swift; sourceTree = "<group>"; };
		6FCDFC94298B1D0C00BD369F /* SpectralClass.swift */ = {isa = PBXFileReference; lastKnownFileType = sourcecode.swift; path = SpectralClass.swift; sourceTree = "<group>"; };
		6FCDFC96298B1D2900BD369F /* StellarType.swift */ = {isa = PBXFileReference; lastKnownFileType = sourcecode.swift; path = StellarType.swift; sourceTree = "<group>"; };
		6FCDFC98298B1DD100BD369F /* Star.swift */ = {isa = PBXFileReference; lastKnownFileType = sourcecode.swift; path = Star.swift; sourceTree = "<group>"; };
		6FCDFC9B298B1E3800BD369F /* SCNVector3+Utils.swift */ = {isa = PBXFileReference; lastKnownFileType = sourcecode.swift; path = "SCNVector3+Utils.swift"; sourceTree = "<group>"; };
		6FE0110029B39BA100E73073 /* ObjectView.swift */ = {isa = PBXFileReference; lastKnownFileType = sourcecode.swift; path = ObjectView.swift; sourceTree = "<group>"; };
/* End PBXFileReference section */

/* Begin PBXFrameworksBuildPhase section */
		6F781DF729897B6D005DB1CA /* Frameworks */ = {
			isa = PBXFrameworksBuildPhase;
			buildActionMask = 2147483647;
			files = (
			);
			runOnlyForDeploymentPostprocessing = 0;
		};
/* End PBXFrameworksBuildPhase section */

/* Begin PBXGroup section */
		6F781DF129897B6D005DB1CA = {
			isa = PBXGroup;
			children = (
				6F781DFC29897B6D005DB1CA /* BoxViewer */,
				6F781DFB29897B6D005DB1CA /* Products */,
			);
			sourceTree = "<group>";
		};
		6F781DFB29897B6D005DB1CA /* Products */ = {
			isa = PBXGroup;
			children = (
				6F781DFA29897B6D005DB1CA /* BoxViewer.app */,
			);
			name = Products;
			sourceTree = "<group>";
		};
		6F781DFC29897B6D005DB1CA /* BoxViewer */ = {
			isa = PBXGroup;
			children = (
				6FCDFC9A298B1E1600BD369F /* Extensions */,
				6FCDFC93298B1CE700BD369F /* Enums */,
				6FCDFC92298B145A00BD369F /* Models */,
				6FCDFC8B298AD73500BD369F /* SceneKit */,
				6FCDFC89298AD71100BD369F /* Views */,
				6F781DFD29897B6D005DB1CA /* BoxViewerApp.swift */,
				6F781E0129897B6E005DB1CA /* Assets.xcassets */,
				6F781E0329897B6E005DB1CA /* Preview Content */,
			);
			path = BoxViewer;
			sourceTree = "<group>";
		};
		6F781E0329897B6E005DB1CA /* Preview Content */ = {
			isa = PBXGroup;
			children = (
				6F781E0429897B6E005DB1CA /* Preview Assets.xcassets */,
			);
			path = "Preview Content";
			sourceTree = "<group>";
		};
		6FCDFC89298AD71100BD369F /* Views */ = {
			isa = PBXGroup;
			children = (
				6FE0110029B39BA100E73073 /* ObjectView.swift */,
				6F781DFF29897B6D005DB1CA /* ContentView.swift */,
			);
			path = Views;
			sourceTree = "<group>";
		};
		6FCDFC8B298AD73500BD369F /* SceneKit */ = {
			isa = PBXGroup;
			children = (
				6F03E68329B4723C00DEF533 /* SceneKitView.swift */,
			);
			path = SceneKit;
			sourceTree = "<group>";
		};
		6FCDFC92298B145A00BD369F /* Models */ = {
			isa = PBXGroup;
			children = (
				6F781E0D29898217005DB1CA /* OrbitalElements.swift */,
				6FCDFC98298B1DD100BD369F /* Star.swift */,
				6F03E68129B46B8D00DEF533 /* ViewModel.swift */,
				6F5C745A29FEB05E00DDCF43 /* StarSystem.swift */,
			);
			path = Models;
			sourceTree = "<group>";
		};
		6FCDFC93298B1CE700BD369F /* Enums */ = {
			isa = PBXGroup;
			children = (
				6FCDFC94298B1D0C00BD369F /* SpectralClass.swift */,
				6FCDFC96298B1D2900BD369F /* StellarType.swift */,
			);
			path = Enums;
			sourceTree = "<group>";
		};
		6FCDFC9A298B1E1600BD369F /* Extensions */ = {
			isa = PBXGroup;
			children = (
				6FCDFC9B298B1E3800BD369F /* SCNVector3+Utils.swift */,
				6F5C745629FEAF7600DDCF43 /* SCNVector3+Codable.swift */,
				6F5C745829FEAFD500DDCF43 /* SCNVector3+DebugString.swift */,
				6F26E85629FF671500423F51 /* SCNNode+Track.swift */,
				6F26E85829FF68DA00423F51 /* SCNGeometry+Fibonacci.swift */,
				6F26E85A29FF6A2D00423F51 /* SCNScene+StellarSetup.swift */,
				6F26E85C29FF6C2B00423F51 /* Double+Convert.swift */,
			);
			path = Extensions;
			sourceTree = "<group>";
		};
/* End PBXGroup section */

/* Begin PBXNativeTarget section */
		6F781DF929897B6D005DB1CA /* BoxViewer */ = {
			isa = PBXNativeTarget;
			buildConfigurationList = 6F781E0829897B6E005DB1CA /* Build configuration list for PBXNativeTarget "BoxViewer" */;
			buildPhases = (
				6F781DF629897B6D005DB1CA /* Sources */,
				6F781DF729897B6D005DB1CA /* Frameworks */,
				6F781DF829897B6D005DB1CA /* Resources */,
			);
			buildRules = (
			);
			dependencies = (
			);
			name = BoxViewer;
			productName = BoxViewer;
			productReference = 6F781DFA29897B6D005DB1CA /* BoxViewer.app */;
			productType = "com.apple.product-type.application";
		};
/* End PBXNativeTarget section */

/* Begin PBXProject section */
		6F781DF229897B6D005DB1CA /* Project object */ = {
			isa = PBXProject;
			attributes = {
				BuildIndependentTargetsInParallel = 1;
				LastSwiftUpdateCheck = 1410;
				LastUpgradeCheck = 1410;
				TargetAttributes = {
					6F781DF929897B6D005DB1CA = {
						CreatedOnToolsVersion = 14.1;
					};
				};
			};
			buildConfigurationList = 6F781DF529897B6D005DB1CA /* Build configuration list for PBXProject "BoxViewer" */;
			compatibilityVersion = "Xcode 14.0";
			developmentRegion = en;
			hasScannedForEncodings = 0;
			knownRegions = (
				en,
				Base,
			);
			mainGroup = 6F781DF129897B6D005DB1CA;
			productRefGroup = 6F781DFB29897B6D005DB1CA /* Products */;
			projectDirPath = "";
			projectRoot = "";
			targets = (
				6F781DF929897B6D005DB1CA /* BoxViewer */,
			);
		};
/* End PBXProject section */

/* Begin PBXResourcesBuildPhase section */
		6F781DF829897B6D005DB1CA /* Resources */ = {
			isa = PBXResourcesBuildPhase;
			buildActionMask = 2147483647;
			files = (
				6F781E0529897B6E005DB1CA /* Preview Assets.xcassets in Resources */,
				6F781E0229897B6E005DB1CA /* Assets.xcassets in Resources */,
			);
			runOnlyForDeploymentPostprocessing = 0;
		};
/* End PBXResourcesBuildPhase section */

/* Begin PBXSourcesBuildPhase section */
		6F781DF629897B6D005DB1CA /* Sources */ = {
			isa = PBXSourcesBuildPhase;
			buildActionMask = 2147483647;
			files = (
				6F26E85929FF68DA00423F51 /* SCNGeometry+Fibonacci.swift in Sources */,
				6F781E0029897B6D005DB1CA /* ContentView.swift in Sources */,
				6F5C745729FEAF7600DDCF43 /* SCNVector3+Codable.swift in Sources */,
				6F26E85D29FF6C2B00423F51 /* Double+Convert.swift in Sources */,
				6FCDFC9C298B1E3800BD369F /* SCNVector3+Utils.swift in Sources */,
				6FCDFC95298B1D0C00BD369F /* SpectralClass.swift in Sources */,
				6F26E85729FF671500423F51 /* SCNNode+Track.swift in Sources */,
				6F5C745B29FEB05E00DDCF43 /* StarSystem.swift in Sources */,
				6FCDFC99298B1DD100BD369F /* Star.swift in Sources */,
				6F03E68229B46B8D00DEF533 /* ViewModel.swift in Sources */,
				6FCDFC97298B1D2900BD369F /* StellarType.swift in Sources */,
				6F5C745929FEAFD500DDCF43 /* SCNVector3+DebugString.swift in Sources */,
				6F781DFE29897B6D005DB1CA /* BoxViewerApp.swift in Sources */,
				6FE0110129B39BA100E73073 /* ObjectView.swift in Sources */,
				6F26E85B29FF6A2D00423F51 /* SCNScene+StellarSetup.swift in Sources */,
				6F781E0E29898217005DB1CA /* OrbitalElements.swift in Sources */,
				6F03E68429B4723C00DEF533 /* SceneKitView.swift in Sources */,
			);
			runOnlyForDeploymentPostprocessing = 0;
		};
/* End PBXSourcesBuildPhase section */

/* Begin XCBuildConfiguration section */
		6F781E0629897B6E005DB1CA /* Debug */ = {
			isa = XCBuildConfiguration;
			buildSettings = {
				ALWAYS_SEARCH_USER_PATHS = NO;
				CLANG_ANALYZER_NONNULL = YES;
				CLANG_ANALYZER_NUMBER_OBJECT_CONVERSION = YES_AGGRESSIVE;
				CLANG_CXX_LANGUAGE_STANDARD = "gnu++20";
				CLANG_ENABLE_MODULES = YES;
				CLANG_ENABLE_OBJC_ARC = YES;
				CLANG_ENABLE_OBJC_WEAK = YES;
				CLANG_WARN_BLOCK_CAPTURE_AUTORELEASING = YES;
				CLANG_WARN_BOOL_CONVERSION = YES;
				CLANG_WARN_COMMA = YES;
				CLANG_WARN_CONSTANT_CONVERSION = YES;
				CLANG_WARN_DEPRECATED_OBJC_IMPLEMENTATIONS = YES;
				CLANG_WARN_DIRECT_OBJC_ISA_USAGE = YES_ERROR;
				CLANG_WARN_DOCUMENTATION_COMMENTS = YES;
				CLANG_WARN_EMPTY_BODY = YES;
				CLANG_WARN_ENUM_CONVERSION = YES;
				CLANG_WARN_INFINITE_RECURSION = YES;
				CLANG_WARN_INT_CONVERSION = YES;
				CLANG_WARN_NON_LITERAL_NULL_CONVERSION = YES;
				CLANG_WARN_OBJC_IMPLICIT_RETAIN_SELF = YES;
				CLANG_WARN_OBJC_LITERAL_CONVERSION = YES;
				CLANG_WARN_OBJC_ROOT_CLASS = YES_ERROR;
				CLANG_WARN_QUOTED_INCLUDE_IN_FRAMEWORK_HEADER = YES;
				CLANG_WARN_RANGE_LOOP_ANALYSIS = YES;
				CLANG_WARN_STRICT_PROTOTYPES = YES;
				CLANG_WARN_SUSPICIOUS_MOVE = YES;
				CLANG_WARN_UNGUARDED_AVAILABILITY = YES_AGGRESSIVE;
				CLANG_WARN_UNREACHABLE_CODE = YES;
				CLANG_WARN__DUPLICATE_METHOD_MATCH = YES;
				COPY_PHASE_STRIP = NO;
				DEBUG_INFORMATION_FORMAT = dwarf;
				ENABLE_STRICT_OBJC_MSGSEND = YES;
				ENABLE_TESTABILITY = YES;
				GCC_C_LANGUAGE_STANDARD = gnu11;
				GCC_DYNAMIC_NO_PIC = NO;
				GCC_NO_COMMON_BLOCKS = YES;
				GCC_OPTIMIZATION_LEVEL = 0;
				GCC_PREPROCESSOR_DEFINITIONS = (
					"DEBUG=1",
					"$(inherited)",
				);
				GCC_WARN_64_TO_32_BIT_CONVERSION = YES;
				GCC_WARN_ABOUT_RETURN_TYPE = YES_ERROR;
				GCC_WARN_UNDECLARED_SELECTOR = YES;
				GCC_WARN_UNINITIALIZED_AUTOS = YES_AGGRESSIVE;
				GCC_WARN_UNUSED_FUNCTION = YES;
				GCC_WARN_UNUSED_VARIABLE = YES;
				IPHONEOS_DEPLOYMENT_TARGET = 16.1;
				MTL_ENABLE_DEBUG_INFO = INCLUDE_SOURCE;
				MTL_FAST_MATH = YES;
				ONLY_ACTIVE_ARCH = YES;
				SDKROOT = iphoneos;
				SWIFT_ACTIVE_COMPILATION_CONDITIONS = DEBUG;
				SWIFT_OPTIMIZATION_LEVEL = "-Onone";
			};
			name = Debug;
		};
		6F781E0729897B6E005DB1CA /* Release */ = {
			isa = XCBuildConfiguration;
			buildSettings = {
				ALWAYS_SEARCH_USER_PATHS = NO;
				CLANG_ANALYZER_NONNULL = YES;
				CLANG_ANALYZER_NUMBER_OBJECT_CONVERSION = YES_AGGRESSIVE;
				CLANG_CXX_LANGUAGE_STANDARD = "gnu++20";
				CLANG_ENABLE_MODULES = YES;
				CLANG_ENABLE_OBJC_ARC = YES;
				CLANG_ENABLE_OBJC_WEAK = YES;
				CLANG_WARN_BLOCK_CAPTURE_AUTORELEASING = YES;
				CLANG_WARN_BOOL_CONVERSION = YES;
				CLANG_WARN_COMMA = YES;
				CLANG_WARN_CONSTANT_CONVERSION = YES;
				CLANG_WARN_DEPRECATED_OBJC_IMPLEMENTATIONS = YES;
				CLANG_WARN_DIRECT_OBJC_ISA_USAGE = YES_ERROR;
				CLANG_WARN_DOCUMENTATION_COMMENTS = YES;
				CLANG_WARN_EMPTY_BODY = YES;
				CLANG_WARN_ENUM_CONVERSION = YES;
				CLANG_WARN_INFINITE_RECURSION = YES;
				CLANG_WARN_INT_CONVERSION = YES;
				CLANG_WARN_NON_LITERAL_NULL_CONVERSION = YES;
				CLANG_WARN_OBJC_IMPLICIT_RETAIN_SELF = YES;
				CLANG_WARN_OBJC_LITERAL_CONVERSION = YES;
				CLANG_WARN_OBJC_ROOT_CLASS = YES_ERROR;
				CLANG_WARN_QUOTED_INCLUDE_IN_FRAMEWORK_HEADER = YES;
				CLANG_WARN_RANGE_LOOP_ANALYSIS = YES;
				CLANG_WARN_STRICT_PROTOTYPES = YES;
				CLANG_WARN_SUSPICIOUS_MOVE = YES;
				CLANG_WARN_UNGUARDED_AVAILABILITY = YES_AGGRESSIVE;
				CLANG_WARN_UNREACHABLE_CODE = YES;
				CLANG_WARN__DUPLICATE_METHOD_MATCH = YES;
				COPY_PHASE_STRIP = NO;
				DEBUG_INFORMATION_FORMAT = "dwarf-with-dsym";
				ENABLE_NS_ASSERTIONS = NO;
				ENABLE_STRICT_OBJC_MSGSEND = YES;
				GCC_C_LANGUAGE_STANDARD = gnu11;
				GCC_NO_COMMON_BLOCKS = YES;
				GCC_WARN_64_TO_32_BIT_CONVERSION = YES;
				GCC_WARN_ABOUT_RETURN_TYPE = YES_ERROR;
				GCC_WARN_UNDECLARED_SELECTOR = YES;
				GCC_WARN_UNINITIALIZED_AUTOS = YES_AGGRESSIVE;
				GCC_WARN_UNUSED_FUNCTION = YES;
				GCC_WARN_UNUSED_VARIABLE = YES;
				IPHONEOS_DEPLOYMENT_TARGET = 16.1;
				MTL_ENABLE_DEBUG_INFO = NO;
				MTL_FAST_MATH = YES;
				SDKROOT = iphoneos;
				SWIFT_COMPILATION_MODE = wholemodule;
				SWIFT_OPTIMIZATION_LEVEL = "-O";
				VALIDATE_PRODUCT = YES;
			};
			name = Release;
		};
		6F781E0929897B6E005DB1CA /* Debug */ = {
			isa = XCBuildConfiguration;
			buildSettings = {
				ASSETCATALOG_COMPILER_APPICON_NAME = AppIcon;
				ASSETCATALOG_COMPILER_GLOBAL_ACCENT_COLOR_NAME = AccentColor;
				CODE_SIGN_STYLE = Automatic;
				CURRENT_PROJECT_VERSION = 1;
				DEVELOPMENT_ASSET_PATHS = "\"BoxViewer/Preview Content\"";
				DEVELOPMENT_TEAM = 27UHAFC56C;
				ENABLE_PREVIEWS = YES;
				GENERATE_INFOPLIST_FILE = YES;
				INFOPLIST_KEY_UIApplicationSceneManifest_Generation = YES;
				INFOPLIST_KEY_UIApplicationSupportsIndirectInputEvents = YES;
				INFOPLIST_KEY_UILaunchScreen_Generation = YES;
				INFOPLIST_KEY_UISupportedInterfaceOrientations_iPad = "UIInterfaceOrientationPortrait UIInterfaceOrientationPortraitUpsideDown UIInterfaceOrientationLandscapeLeft UIInterfaceOrientationLandscapeRight";
				INFOPLIST_KEY_UISupportedInterfaceOrientations_iPhone = "UIInterfaceOrientationPortrait UIInterfaceOrientationLandscapeLeft UIInterfaceOrientationLandscapeRight";
				LD_RUNPATH_SEARCH_PATHS = (
					"$(inherited)",
					"@executable_path/Frameworks",
				);
				MARKETING_VERSION = 1.0;
				PRODUCT_BUNDLE_IDENTIFIER = com.onyxkeep.BoxViewer;
				PRODUCT_NAME = "$(TARGET_NAME)";
				SWIFT_EMIT_LOC_STRINGS = YES;
				SWIFT_VERSION = 5.0;
				TARGETED_DEVICE_FAMILY = "1,2";
			};
			name = Debug;
		};
		6F781E0A29897B6E005DB1CA /* Release */ = {
			isa = XCBuildConfiguration;
			buildSettings = {
				ASSETCATALOG_COMPILER_APPICON_NAME = AppIcon;
				ASSETCATALOG_COMPILER_GLOBAL_ACCENT_COLOR_NAME = AccentColor;
				CODE_SIGN_STYLE = Automatic;
				CURRENT_PROJECT_VERSION = 1;
				DEVELOPMENT_ASSET_PATHS = "\"BoxViewer/Preview Content\"";
				DEVELOPMENT_TEAM = 27UHAFC56C;
				ENABLE_PREVIEWS = YES;
				GENERATE_INFOPLIST_FILE = YES;
				INFOPLIST_KEY_UIApplicationSceneManifest_Generation = YES;
				INFOPLIST_KEY_UIApplicationSupportsIndirectInputEvents = YES;
				INFOPLIST_KEY_UILaunchScreen_Generation = YES;
				INFOPLIST_KEY_UISupportedInterfaceOrientations_iPad = "UIInterfaceOrientationPortrait UIInterfaceOrientationPortraitUpsideDown UIInterfaceOrientationLandscapeLeft UIInterfaceOrientationLandscapeRight";
				INFOPLIST_KEY_UISupportedInterfaceOrientations_iPhone = "UIInterfaceOrientationPortrait UIInterfaceOrientationLandscapeLeft UIInterfaceOrientationLandscapeRight";
				LD_RUNPATH_SEARCH_PATHS = (
					"$(inherited)",
					"@executable_path/Frameworks",
				);
				MARKETING_VERSION = 1.0;
				PRODUCT_BUNDLE_IDENTIFIER = com.onyxkeep.BoxViewer;
				PRODUCT_NAME = "$(TARGET_NAME)";
				SWIFT_EMIT_LOC_STRINGS = YES;
				SWIFT_VERSION = 5.0;
				TARGETED_DEVICE_FAMILY = "1,2";
			};
			name = Release;
		};
/* End XCBuildConfiguration section */

/* Begin XCConfigurationList section */
		6F781DF529897B6D005DB1CA /* Build configuration list for PBXProject "BoxViewer" */ = {
			isa = XCConfigurationList;
			buildConfigurations = (
				6F781E0629897B6E005DB1CA /* Debug */,
				6F781E0729897B6E005DB1CA /* Release */,
			);
			defaultConfigurationIsVisible = 0;
			defaultConfigurationName = Release;
		};
		6F781E0829897B6E005DB1CA /* Build configuration list for PBXNativeTarget "BoxViewer" */ = {
			isa = XCConfigurationList;
			buildConfigurations = (
				6F781E0929897B6E005DB1CA /* Debug */,
				6F781E0A29897B6E005DB1CA /* Release */,
			);
			defaultConfigurationIsVisible = 0;
			defaultConfigurationName = Release;
		};
/* End XCConfigurationList section */
	};
	rootObject = 6F781DF229897B6D005DB1CA /* Project object */;
}
